
Microsoft Visual Studio Solution File, Format Version 12.00
# Visual Studio Version 17
VisualStudioVersion = 17.0.31919.166
MinimumVisualStudioVersion = 10.0.40219.1
Project("{FAE04EC0-301F-11D3-BF4B-00C04F79EFBC}") = "EMonolithLib", "EMonolithLib\EMonolithLib.csproj", "{CCA05496-29B3-485A-ADDE-531E8AC20CD1}"
EndProject
Global
	GlobalSection(SolutionConfigurationPlatforms) = preSolution
		Debug|Any CPU = Debug|Any CPU
		Release|Any CPU = Release|Any CPU
	EndGlobalSection
	GlobalSection(ProjectConfigurationPlatforms) = postSolution
		{CCA05496-29B3-485A-ADDE-531E8AC20CD1}.Debug|Any CPU.ActiveCfg = Debug|Any CPU
		{CCA05496-29B3-485A-ADDE-531E8AC20CD1}.Debug|Any CPU.Build.0 = Debug|Any CPU
		{CCA05496-29B3-485A-ADDE-531E8AC20CD1}.Release|Any CPU.ActiveCfg = Release|Any CPU
		{CCA05496-29B3-485A-ADDE-531E8AC20CD1}.Release|Any CPU.Build.0 = Release|Any CPU
	EndGlobalSection
	GlobalSection(SolutionProperties) = preSolution
		HideSolutionNode = FALSE
	EndGlobalSection
	GlobalSection(ExtensibilityGlobals) = postSolution
		SolutionGuid = {4BC70F93-911E-42E4-91B6-ABF86E23444F}
	EndGlobalSection
EndGlobal
